
Microsoft Visual Studio Solution File, Format Version 12.00
# Visual Studio Version 17
VisualStudioVersion = 17.6.33815.320
MinimumVisualStudioVersion = 10.0.40219.1
Project("{FAE04EC0-301F-11D3-BF4B-00C04F79EFBC}") = "Platformer", "Platformer\Platformer.csproj", "{690D722B-6761-4B68-8ABB-DD93C5811F1E}"
EndProject
Global
	GlobalSection(SolutionConfigurationPlatforms) = preSolution
		Debug|Any CPU = Debug|Any CPU
		Release|Any CPU = Release|Any CPU
	EndGlobalSection
	GlobalSection(ProjectConfigurationPlatforms) = postSolution
		{690D722B-6761-4B68-8ABB-DD93C5811F1E}.Debug|Any CPU.ActiveCfg = Debug|Any CPU
		{690D722B-6761-4B68-8ABB-DD93C5811F1E}.Debug|Any CPU.Build.0 = Debug|Any CPU
		{690D722B-6761-4B68-8ABB-DD93C5811F1E}.Release|Any CPU.ActiveCfg = Release|Any CPU
		{690D722B-6761-4B68-8ABB-DD93C5811F1E}.Release|Any CPU.Build.0 = Release|Any CPU
	EndGlobalSection
	GlobalSection(SolutionProperties) = preSolution
		HideSolutionNode = FALSE
	EndGlobalSection
	GlobalSection(ExtensibilityGlobals) = postSolution
		SolutionGuid = {399CA153-C62A-4A1F-8489-183F530FBF53}
	EndGlobalSection
EndGlobal
