
Microsoft Visual Studio Solution File, Format Version 12.00
# Visual Studio 15
VisualStudioVersion = 15.0.27004.2002
MinimumVisualStudioVersion = 10.0.40219.1
Project("{FAE04EC0-301F-11D3-BF4B-00C04F79EFBC}") = "Platformer", "Platformer\Platformer.csproj", "{321101F0-9A1A-4263-B8D7-55A079E4491D}"
EndProject
Global
	GlobalSection(SolutionConfigurationPlatforms) = preSolution
		Debug|x86 = Debug|x86
		Release|x86 = Release|x86
	EndGlobalSection
	GlobalSection(ProjectConfigurationPlatforms) = postSolution
		{321101F0-9A1A-4263-B8D7-55A079E4491D}.Debug|x86.ActiveCfg = Debug|x86
		{321101F0-9A1A-4263-B8D7-55A079E4491D}.Debug|x86.Build.0 = Debug|x86
		{321101F0-9A1A-4263-B8D7-55A079E4491D}.Release|x86.ActiveCfg = Release|x86
		{321101F0-9A1A-4263-B8D7-55A079E4491D}.Release|x86.Build.0 = Release|x86
	EndGlobalSection
	GlobalSection(SolutionProperties) = preSolution
		HideSolutionNode = FALSE
	EndGlobalSection
	GlobalSection(ExtensibilityGlobals) = postSolution
		SolutionGuid = {ADEDBD2C-5CB5-4B84-AE9A-36F041DDD181}
	EndGlobalSection
EndGlobal
